
Microsoft Visual Studio Solution File, Format Version 12.00
# Visual Studio Version 16
VisualStudioVersion = 16.0.29709.97
MinimumVisualStudioVersion = 10.0.40219.1
Project("{FAE04EC0-301F-11D3-BF4B-00C04F79EFBC}") = "CRUDInWebAPIs", "CRUDInWebAPIs\CRUDInWebAPIs.csproj", "{82C53C37-5274-44EF-A9F1-7058FBD40236}"
EndProject
Global
	GlobalSection(SolutionConfigurationPlatforms) = preSolution
		Debug|Any CPU = Debug|Any CPU
		Release|Any CPU = Release|Any CPU
	EndGlobalSection
	GlobalSection(ProjectConfigurationPlatforms) = postSolution
		{82C53C37-5274-44EF-A9F1-7058FBD40236}.Debug|Any CPU.ActiveCfg = Debug|Any CPU
		{82C53C37-5274-44EF-A9F1-7058FBD40236}.Debug|Any CPU.Build.0 = Debug|Any CPU
		{82C53C37-5274-44EF-A9F1-7058FBD40236}.Release|Any CPU.ActiveCfg = Release|Any CPU
		{82C53C37-5274-44EF-A9F1-7058FBD40236}.Release|Any CPU.Build.0 = Release|Any CPU
	EndGlobalSection
	GlobalSection(SolutionProperties) = preSolution
		HideSolutionNode = FALSE
	EndGlobalSection
	GlobalSection(ExtensibilityGlobals) = postSolution
		SolutionGuid = {C7B8B573-B48F-4027-90EC-1E2A7D09B41F}
	EndGlobalSection
EndGlobal
